github.com/gocarina/gocsv v0.0.0-20190313153828-c075544dca88 h1:5LpQh+LOxj+TkkgajWlWBlCeBagmKD+/i+IdA13XSlk=
github.com/gocarina/gocsv v0.0.0-20190313153828-c075544dca88/go.mod h1:/oj50ZdPq/cUjA02lMZhijk5kR31SEydKyqah1OgBuo=
github.com/pkg/errors v0.9.1 h1:FEBLx1zS214owpjy7qsBeixbURkuhQAwrK5UwLGTwt4=
github.com/pkg/errors v0.9.1/go.mod h1:bwawxfHBFNV+L2hUp1rHADufV3IMtnDRdf1r5NINEl0=
github.com/urfave/cli v1.20.0 h1:fDqGv3UG/4jbVl/QkFwEdddtEDjh/5Ov6X+0B/3bPaw=
github.com/urfave/cli v1.20.0/go.mod h1:70zkFmudgCuE/ngEzBv17Jvp/497gISqfk5gWijbERA=
